
Microsoft Visual Studio Solution File, Format Version 12.00
# Visual Studio Version 17
VisualStudioVersion = 17.0.31903.59
MinimumVisualStudioVersion = 10.0.40219.1
Project("{2150E333-8FDC-42A3-9474-1A3956D46DE8}") = "src", "src", "{827E0CD3-B72D-47B6-A68D-7590B98EB39B}"
EndProject
Project("{FAE04EC0-301F-11D3-BF4B-00C04F79EFBC}") = "JFToolkit.DevOpsPilot", "src\JFToolkit.DevOpsPilot\JFToolkit.DevOpsPilot.csproj", "{127CCF40-9B47-4E54-BE4E-7159C3943620}"
EndProject
Project("{FAE04EC0-301F-11D3-BF4B-00C04F79EFBC}") = "JFToolkit.DevOpsPilot.Cli", "src\JFToolkit.DevOpsPilot.Cli\JFToolkit.DevOpsPilot.Cli.csproj", "{71FAB520-194A-4618-87D9-6FA88E9D714A}"
EndProject
Global
	GlobalSection(SolutionConfigurationPlatforms) = preSolution
		Debug|Any CPU = Debug|Any CPU
		Debug|x64 = Debug|x64
		Debug|x86 = Debug|x86
		Release|Any CPU = Release|Any CPU
		Release|x64 = Release|x64
		Release|x86 = Release|x86
	EndGlobalSection
	GlobalSection(ProjectConfigurationPlatforms) = postSolution
		{127CCF40-9B47-4E54-BE4E-7159C3943620}.Debug|Any CPU.ActiveCfg = Debug|Any CPU
		{127CCF40-9B47-4E54-BE4E-7159C3943620}.Debug|Any CPU.Build.0 = Debug|Any CPU
		{127CCF40-9B47-4E54-BE4E-7159C3943620}.Debug|x64.ActiveCfg = Debug|Any CPU
		{127CCF40-9B47-4E54-BE4E-7159C3943620}.Debug|x64.Build.0 = Debug|Any CPU
		{127CCF40-9B47-4E54-BE4E-7159C3943620}.Debug|x86.ActiveCfg = Debug|Any CPU
		{127CCF40-9B47-4E54-BE4E-7159C3943620}.Debug|x86.Build.0 = Debug|Any CPU
		{127CCF40-9B47-4E54-BE4E-7159C3943620}.Release|Any CPU.ActiveCfg = Release|Any CPU
		{127CCF40-9B47-4E54-BE4E-7159C3943620}.Release|Any CPU.Build.0 = Release|Any CPU
		{127CCF40-9B47-4E54-BE4E-7159C3943620}.Release|x64.ActiveCfg = Release|Any CPU
		{127CCF40-9B47-4E54-BE4E-7159C3943620}.Release|x64.Build.0 = Release|Any CPU
		{127CCF40-9B47-4E54-BE4E-7159C3943620}.Release|x86.ActiveCfg = Release|Any CPU
		{127CCF40-9B47-4E54-BE4E-7159C3943620}.Release|x86.Build.0 = Release|Any CPU
		{71FAB520-194A-4618-87D9-6FA88E9D714A}.Debug|Any CPU.ActiveCfg = Debug|Any CPU
		{71FAB520-194A-4618-87D9-6FA88E9D714A}.Debug|Any CPU.Build.0 = Debug|Any CPU
		{71FAB520-194A-4618-87D9-6FA88E9D714A}.Debug|x64.ActiveCfg = Debug|Any CPU
		{71FAB520-194A-4618-87D9-6FA88E9D714A}.Debug|x64.Build.0 = Debug|Any CPU
		{71FAB520-194A-4618-87D9-6FA88E9D714A}.Debug|x86.ActiveCfg = Debug|Any CPU
		{71FAB520-194A-4618-87D9-6FA88E9D714A}.Debug|x86.Build.0 = Debug|Any CPU
		{71FAB520-194A-4618-87D9-6FA88E9D714A}.Release|Any CPU.ActiveCfg = Release|Any CPU
		{71FAB520-194A-4618-87D9-6FA88E9D714A}.Release|Any CPU.Build.0 = Release|Any CPU
		{71FAB520-194A-4618-87D9-6FA88E9D714A}.Release|x64.ActiveCfg = Release|Any CPU
		{71FAB520-194A-4618-87D9-6FA88E9D714A}.Release|x64.Build.0 = Release|Any CPU
		{71FAB520-194A-4618-87D9-6FA88E9D714A}.Release|x86.ActiveCfg = Release|Any CPU
		{71FAB520-194A-4618-87D9-6FA88E9D714A}.Release|x86.Build.0 = Release|Any CPU
	EndGlobalSection
	GlobalSection(SolutionProperties) = preSolution
		HideSolutionNode = FALSE
	EndGlobalSection
	GlobalSection(NestedProjects) = preSolution
		{127CCF40-9B47-4E54-BE4E-7159C3943620} = {827E0CD3-B72D-47B6-A68D-7590B98EB39B}
		{71FAB520-194A-4618-87D9-6FA88E9D714A} = {827E0CD3-B72D-47B6-A68D-7590B98EB39B}
	EndGlobalSection
EndGlobal
